
Microsoft Visual Studio Solution File, Format Version 12.00
# Visual Studio Version 17
VisualStudioVersion = 17.9.34616.47
MinimumVisualStudioVersion = 10.0.40219.1
Project("{FAE04EC0-301F-11D3-BF4B-00C04F79EFBC}") = "VeriSifreleme", "VeriSifreleme\VeriSifreleme.csproj", "{0F2F020F-CF5B-40A9-8DF6-45A7D110FEB9}"
EndProject
Global
	GlobalSection(SolutionConfigurationPlatforms) = preSolution
		Debug|Any CPU = Debug|Any CPU
		Release|Any CPU = Release|Any CPU
	EndGlobalSection
	GlobalSection(ProjectConfigurationPlatforms) = postSolution
		{0F2F020F-CF5B-40A9-8DF6-45A7D110FEB9}.Debug|Any CPU.ActiveCfg = Debug|Any CPU
		{0F2F020F-CF5B-40A9-8DF6-45A7D110FEB9}.Debug|Any CPU.Build.0 = Debug|Any CPU
		{0F2F020F-CF5B-40A9-8DF6-45A7D110FEB9}.Release|Any CPU.ActiveCfg = Release|Any CPU
		{0F2F020F-CF5B-40A9-8DF6-45A7D110FEB9}.Release|Any CPU.Build.0 = Release|Any CPU
	EndGlobalSection
	GlobalSection(SolutionProperties) = preSolution
		HideSolutionNode = FALSE
	EndGlobalSection
	GlobalSection(ExtensibilityGlobals) = postSolution
		SolutionGuid = {3767C4E3-6A77-4F4A-9FB8-8FDCD06B0380}
	EndGlobalSection
EndGlobal
